# THIS IS AN AUTOGENERATED FILE. DO NOT EDIT THIS FILE DIRECTLY.
# yarn lockfile v1


angular-animate@^1.6.4:
  version "1.6.4"
  resolved "https://registry.yarnpkg.com/angular-animate/-/angular-animate-1.6.4.tgz#d3eb906d39834f2dfbdd982e6b8d7a3b4d9001d2"

angular-aria@^1.6.4:
  version "1.6.4"
  resolved "https://registry.yarnpkg.com/angular-aria/-/angular-aria-1.6.4.tgz#c8683666ace196668f68e7220811bdcfc9e106e4"

angular-material@^1.1.4:
  version "1.1.4"
  resolved "https://registry.yarnpkg.com/angular-material/-/angular-material-1.1.4.tgz#27de35646f54ccd320080af0c708e1b438af87f6"

angular-ui-router@^0.4.2:
  version "0.4.2"
  resolved "https://registry.yarnpkg.com/angular-ui-router/-/angular-ui-router-0.4.2.tgz#b6aed1ca69a683c82e3992898eabd4ba15868608"
  dependencies:
    angular "^1.0.8"

angular@^1.0.8, angular@^1.6.4:
  version "1.6.4"
  resolved "https://registry.yarnpkg.com/angular/-/angular-1.6.4.tgz#03b7b15c01a0802d7e2cf593240e604054dc77fb"

mdi@^1.9.33:
  version "1.9.33"
  resolved "https://registry.yarnpkg.com/mdi/-/mdi-1.9.33.tgz#3caf6d95fc6b800633630bd62ba0cf1fbde6b2e2"
